
Microsoft Visual Studio Solution File, Format Version 12.00
# Visual Studio Version 17
VisualStudioVersion = 17.10.34916.146
MinimumVisualStudioVersion = 10.0.40219.1
Project("{FAE04EC0-301F-11D3-BF4B-00C04F79EFBC}") = "TypeConverter", "TypeConverter\TypeConverter.csproj", "{D82FEAA9-1F73-48A4-913B-38009D9CF4BA}"
EndProject
Global
	GlobalSection(SolutionConfigurationPlatforms) = preSolution
		Debug|Any CPU = Debug|Any CPU
		Release|Any CPU = Release|Any CPU
	EndGlobalSection
	GlobalSection(ProjectConfigurationPlatforms) = postSolution
		{D82FEAA9-1F73-48A4-913B-38009D9CF4BA}.Debug|Any CPU.ActiveCfg = Debug|Any CPU
		{D82FEAA9-1F73-48A4-913B-38009D9CF4BA}.Debug|Any CPU.Build.0 = Debug|Any CPU
		{D82FEAA9-1F73-48A4-913B-38009D9CF4BA}.Release|Any CPU.ActiveCfg = Release|Any CPU
		{D82FEAA9-1F73-48A4-913B-38009D9CF4BA}.Release|Any CPU.Build.0 = Release|Any CPU
	EndGlobalSection
	GlobalSection(SolutionProperties) = preSolution
		HideSolutionNode = FALSE
	EndGlobalSection
	GlobalSection(ExtensibilityGlobals) = postSolution
		SolutionGuid = {AF67FB02-8A85-4D35-BAC3-EA31B81FBA9F}
	EndGlobalSection
EndGlobal
